
Microsoft Visual Studio Solution File, Format Version 12.00
# Visual Studio Version 16
VisualStudioVersion = 16.0.30804.86
MinimumVisualStudioVersion = 10.0.40219.1
Project("{FAE04EC0-301F-11D3-BF4B-00C04F79EFBC}") = "autoclicker", "autoclicker\autoclicker.csproj", "{B419A1A9-9388-4A5F-9DCA-58D9178161B7}"
EndProject
Global
	GlobalSection(SolutionConfigurationPlatforms) = preSolution
		Debug|Any CPU = Debug|Any CPU
		Release|Any CPU = Release|Any CPU
	EndGlobalSection
	GlobalSection(ProjectConfigurationPlatforms) = postSolution
		{B419A1A9-9388-4A5F-9DCA-58D9178161B7}.Debug|Any CPU.ActiveCfg = Debug|Any CPU
		{B419A1A9-9388-4A5F-9DCA-58D9178161B7}.Debug|Any CPU.Build.0 = Debug|Any CPU
		{B419A1A9-9388-4A5F-9DCA-58D9178161B7}.Release|Any CPU.ActiveCfg = Release|Any CPU
		{B419A1A9-9388-4A5F-9DCA-58D9178161B7}.Release|Any CPU.Build.0 = Release|Any CPU
	EndGlobalSection
	GlobalSection(SolutionProperties) = preSolution
		HideSolutionNode = FALSE
	EndGlobalSection
	GlobalSection(ExtensibilityGlobals) = postSolution
		SolutionGuid = {E1176ED3-CDEF-43F4-B398-AC33C7BCD9F4}
	EndGlobalSection
EndGlobal
